// !$*UTF8*$!
{
	archiveVersion = 1;
	classes = {
	};
	objectVersion = 46;
	objects = {

/* Begin PBXBuildFile section */
		C94D13D31A245934006E8874 /* AppDelegate.swift in Sources */ = {isa = PBXBuildFile; fileRef = C94D13D21A245934006E8874 /* AppDelegate.swift */; };
		C94D13D51A245934006E8874 /* ViewController.swift in Sources */ = {isa = PBXBuildFile; fileRef = C94D13D41A245934006E8874 /* ViewController.swift */; };
		C94D13D81A245934006E8874 /* Main.storyboard in Resources */ = {isa = PBXBuildFile; fileRef = C94D13D61A245934006E8874 /* Main.storyboard */; };
		C94D13DA1A245934006E8874 /* Images.xcassets in Resources */ = {isa = PBXBuildFile; fileRef = C94D13D91A245934006E8874 /* Images.xcassets */; };
		C94D13DD1A245934006E8874 /* LaunchScreen.xib in Resources */ = {isa = PBXBuildFile; fileRef = C94D13DB1A245934006E8874 /* LaunchScreen.xib */; };
		C94D13E91A245934006E8874 /* swiftWebBrowserTests.swift in Sources */ = {isa = PBXBuildFile; fileRef = C94D13E81A245934006E8874 /* swiftWebBrowserTests.swift */; };
/* End PBXBuildFile section */

/* Begin PBXContainerItemProxy section */
		C94D13E31A245934006E8874 /* PBXContainerItemProxy */ = {
			isa = PBXContainerItemProxy;
			containerPortal = C94D13C51A245934006E8874 /* Project object */;
			proxyType = 1;
			remoteGlobalIDString = C94D13CC1A245934006E8874;
			remoteInfo = swiftWebBrowser;
		};
/* End PBXContainerItemProxy section */

/* Begin PBXFileReference section */
		C94D13CD1A245934006E8874 /* swiftWebBrowser.app */ = {isa = PBXFileReference; explicitFileType = wrapper.application; includeInIndex = 0; path = swiftWebBrowser.app; sourceTree = BUILT_PRODUCTS_DIR; };
		C94D13D11A245934006E8874 /* Info.plist */ = {isa = PBXFileReference; lastKnownFileType = text.plist.xml; path = Info.plist; sourceTree = "<group>"; };
		C94D13D21A245934006E8874 /* AppDelegate.swift */ = {isa = PBXFileReference; lastKnownFileType = sourcecode.swift; path = AppDelegate.swift; sourceTree = "<group>"; };
		C94D13D41A245934006E8874 /* ViewController.swift */ = {isa = PBXFileReference; lastKnownFileType = sourcecode.swift; path = ViewController.swift; sourceTree = "<group>"; };
		C94D13D71A245934006E8874 /* Base */ = {isa = PBXFileReference; lastKnownFileType = file.storyboard; name = Base; path = Base.lproj/Main.storyboard; sourceTree = "<group>"; };
		C94D13D91A245934006E8874 /* Images.xcassets */ = {isa = PBXFileReference; lastKnownFileType = folder.assetcatalog; path = Images.xcassets; sourceTree = "<group>"; };
		C94D13DC1A245934006E8874 /* Base */ = {isa = PBXFileReference; lastKnownFileType = file.xib; name = Base; path = Base.lproj/LaunchScreen.xib; sourceTree = "<group>"; };
		C94D13E21A245934006E8874 /* swiftWebBrowserTests.xctest */ = {isa = PBXFileReference; explicitFileType = wrapper.cfbundle; includeInIndex = 0; path = swiftWebBrowserTests.xctest; sourceTree = BUILT_PRODUCTS_DIR; };
		C94D13E71A245934006E8874 /* Info.plist */ = {isa = PBXFileReference; lastKnownFileType = text.plist.xml; path = Info.plist; sourceTree = "<group>"; };
		C94D13E81A245934006E8874 /* swiftWebBrowserTests.swift */ = {isa = PBXFileReference; lastKnownFileType = sourcecode.swift; path = swiftWebBrowserTests.swift; sourceTree = "<group>"; };
/* End PBXFileReference section */

/* Begin PBXFrameworksBuildPhase section */
		C94D13CA1A245934006E8874 /* Frameworks */ = {
			isa = PBXFrameworksBuildPhase;
			buildActionMask = 2147483647;
			files = (
			);
			runOnlyForDeploymentPostprocessing = 0;
		};
		C94D13DF1A245934006E8874 /* Frameworks */ = {
			isa = PBXFrameworksBuildPhase;
			buildActionMask = 2147483647;
			files = (
			);
			runOnlyForDeploymentPostprocessing = 0;
		};
/* End PBXFrameworksBuildPhase section */

/* Begin PBXGroup section */
		C94D13C41A245934006E8874 = {
			isa = PBXGroup;
			children = (
				C94D13CF1A245934006E8874 /* swiftWebBrowser */,
				C94D13E51A245934006E8874 /* swiftWebBrowserTests */,
				C94D13CE1A245934006E8874 /* Products */,
			);
			sourceTree = "<group>";
		};
		C94D13CE1A245934006E8874 /* Products */ = {
			isa = PBXGroup;
			children = (
				C94D13CD1A245934006E8874 /* swiftWebBrowser.app */,
				C94D13E21A245934006E8874 /* swiftWebBrowserTests.xctest */,
			);
			name = Products;
			sourceTree = "<group>";
		};
		C94D13CF1A245934006E8874 /* swiftWebBrowser */ = {
			isa = PBXGroup;
			children = (
				C94D13D21A245934006E8874 /* AppDelegate.swift */,
				C94D13D41A245934006E8874 /* ViewController.swift */,
				C94D13D61A245934006E8874 /* Main.storyboard */,
				C94D13D91A245934006E8874 /* Images.xcassets */,
				C94D13DB1A245934006E8874 /* LaunchScreen.xib */,
				C94D13D01A245934006E8874 /* Supporting Files */,
			);
			path = swiftWebBrowser;
			sourceTree = "<group>";
		};
		C94D13D01A245934006E8874 /* Supporting Files */ = {
			isa = PBXGroup;
			children = (
				C94D13D11A245934006E8874 /* Info.plist */,
			);
			name = "Supporting Files";
			sourceTree = "<group>";
		};
		C94D13E51A245934006E8874 /* swiftWebBrowserTests */ = {
			isa = PBXGroup;
			children = (
				C94D13E81A245934006E8874 /* swiftWebBrowserTests.swift */,
				C94D13E61A245934006E8874 /* Supporting Files */,
			);
			path = swiftWebBrowserTests;
			sourceTree = "<group>";
		};
		C94D13E61A245934006E8874 /* Supporting Files */ = {
			isa = PBXGroup;
			children = (
				C94D13E71A245934006E8874 /* Info.plist */,
			);
			name = "Supporting Files";
			sourceTree = "<group>";
		};
/* End PBXGroup section */

/* Begin PBXNativeTarget section */
		C94D13CC1A245934006E8874 /* swiftWebBrowser */ = {
			isa = PBXNativeTarget;
			buildConfigurationList = C94D13EC1A245934006E8874 /* Build configuration list for PBXNativeTarget "swiftWebBrowser" */;
			buildPhases = (
				C94D13C91A245934006E8874 /* Sources */,
				C94D13CA1A245934006E8874 /* Frameworks */,
				C94D13CB1A245934006E8874 /* Resources */,
			);
			buildRules = (
			);
			dependencies = (
			);
			name = swiftWebBrowser;
			productName = swiftWebBrowser;
			productReference = C94D13CD1A245934006E8874 /* swiftWebBrowser.app */;
			productType = "com.apple.product-type.application";
		};
		C94D13E11A245934006E8874 /* swiftWebBrowserTests */ = {
			isa = PBXNativeTarget;
			buildConfigurationList = C94D13EF1A245934006E8874 /* Build configuration list for PBXNativeTarget "swiftWebBrowserTests" */;
			buildPhases = (
				C94D13DE1A245934006E8874 /* Sources */,
				C94D13DF1A245934006E8874 /* Frameworks */,
				C94D13E01A245934006E8874 /* Resources */,
			);
			buildRules = (
			);
			dependencies = (
				C94D13E41A245934006E8874 /* PBXTargetDependency */,
			);
			name = swiftWebBrowserTests;
			productName = swiftWebBrowserTests;
			productReference = C94D13E21A245934006E8874 /* swiftWebBrowserTests.xctest */;
			productType = "com.apple.product-type.bundle.unit-test";
		};
/* End PBXNativeTarget section */

/* Begin PBXProject section */
		C94D13C51A245934006E8874 /* Project object */ = {
			isa = PBXProject;
			attributes = {
				LastUpgradeCheck = 0610;
				ORGANIZATIONNAME = forall.com.cn;
				TargetAttributes = {
					C94D13CC1A245934006E8874 = {
						CreatedOnToolsVersion = 6.1;
					};
					C94D13E11A245934006E8874 = {
						CreatedOnToolsVersion = 6.1;
						TestTargetID = C94D13CC1A245934006E8874;
					};
				};
			};
			buildConfigurationList = C94D13C81A245934006E8874 /* Build configuration list for PBXProject "swiftWebBrowser" */;
			compatibilityVersion = "Xcode 3.2";
			developmentRegion = English;
			hasScannedForEncodings = 0;
			knownRegions = (
				en,
				Base,
			);
			mainGroup = C94D13C41A245934006E8874;
			productRefGroup = C94D13CE1A245934006E8874 /* Products */;
			projectDirPath = "";
			projectRoot = "";
			targets = (
				C94D13CC1A245934006E8874 /* swiftWebBrowser */,
				C94D13E11A245934006E8874 /* swiftWebBrowserTests */,
			);
		};
/* End PBXProject section */

/* Begin PBXResourcesBuildPhase section */
		C94D13CB1A245934006E8874 /* Resources */ = {
			isa = PBXResourcesBuildPhase;
			buildActionMask = 2147483647;
			files = (
				C94D13D81A245934006E8874 /* Main.storyboard in Resources */,
				C94D13DD1A245934006E8874 /* LaunchScreen.xib in Resources */,
				C94D13DA1A245934006E8874 /* Images.xcassets in Resources */,
			);
			runOnlyForDeploymentPostprocessing = 0;
		};
		C94D13E01A245934006E8874 /* Resources */ = {
			isa = PBXResourcesBuildPhase;
			buildActionMask = 2147483647;
			files = (
			);
			runOnlyForDeploymentPostprocessing = 0;
		};
/* End PBXResourcesBuildPhase section */

/* Begin PBXSourcesBuildPhase section */
		C94D13C91A245934006E8874 /* Sources */ = {
			isa = PBXSourcesBuildPhase;
			buildActionMask = 2147483647;
			files = (
				C94D13D51A245934006E8874 /* ViewController.swift in Sources */,
				C94D13D31A245934006E8874 /* AppDelegate.swift in Sources */,
			);
			runOnlyForDeploymentPostprocessing = 0;
		};
		C94D13DE1A245934006E8874 /* Sources */ = {
			isa = PBXSourcesBuildPhase;
			buildActionMask = 2147483647;
			files = (
				C94D13E91A245934006E8874 /* swiftWebBrowserTests.swift in Sources */,
			);
			runOnlyForDeploymentPostprocessing = 0;
		};
/* End PBXSourcesBuildPhase section */

/* Begin PBXTargetDependency section */
		C94D13E41A245934006E8874 /* PBXTargetDependency */ = {
			isa = PBXTargetDependency;
			target = C94D13CC1A245934006E8874 /* swiftWebBrowser */;
			targetProxy = C94D13E31A245934006E8874 /* PBXContainerItemProxy */;
		};
/* End PBXTargetDependency section */

/* Begin PBXVariantGroup section */
		C94D13D61A245934006E8874 /* Main.storyboard */ = {
			isa = PBXVariantGroup;
			children = (
				C94D13D71A245934006E8874 /* Base */,
			);
			name = Main.storyboard;
			sourceTree = "<group>";
		};
		C94D13DB1A245934006E8874 /* LaunchScreen.xib */ = {
			isa = PBXVariantGroup;
			children = (
				C94D13DC1A245934006E8874 /* Base */,
			);
			name = LaunchScreen.xib;
			sourceTree = "<group>";
		};
/* End PBXVariantGroup section */

/* Begin XCBuildConfiguration section */
		C94D13EA1A245934006E8874 /* Debug */ = {
			isa = XCBuildConfiguration;
			buildSettings = {
				ALWAYS_SEARCH_USER_PATHS = NO;
				CLANG_CXX_LANGUAGE_STANDARD = "gnu++0x";
				CLANG_CXX_LIBRARY = "libc++";
				CLANG_ENABLE_MODULES = YES;
				CLANG_ENABLE_OBJC_ARC = YES;
				CLANG_WARN_BOOL_CONVERSION = YES;
				CLANG_WARN_CONSTANT_CONVERSION = YES;
				CLANG_WARN_DIRECT_OBJC_ISA_USAGE = YES_ERROR;
				CLANG_WARN_EMPTY_BODY = YES;
				CLANG_WARN_ENUM_CONVERSION = YES;
				CLANG_WARN_INT_CONVERSION = YES;
				CLANG_WARN_OBJC_ROOT_CLASS = YES_ERROR;
				CLANG_WARN_UNREACHABLE_CODE = YES;
				CLANG_WARN__DUPLICATE_METHOD_MATCH = YES;
				"CODE_SIGN_IDENTITY[sdk=iphoneos*]" = "iPhone Developer";
				COPY_PHASE_STRIP = NO;
				ENABLE_STRICT_OBJC_MSGSEND = YES;
				GCC_C_LANGUAGE_STANDARD = gnu99;
				GCC_DYNAMIC_NO_PIC = NO;
				GCC_OPTIMIZATION_LEVEL = 0;
				GCC_PREPROCESSOR_DEFINITIONS = (
					"DEBUG=1",
					"$(inherited)",
				);
				GCC_SYMBOLS_PRIVATE_EXTERN = NO;
				GCC_WARN_64_TO_32_BIT_CONVERSION = YES;
				GCC_WARN_ABOUT_RETURN_TYPE = YES_ERROR;
				GCC_WARN_UNDECLARED_SELECTOR = YES;
				GCC_WARN_UNINITIALIZED_AUTOS = YES_AGGRESSIVE;
				GCC_WARN_UNUSED_FUNCTION = YES;
				GCC_WARN_UNUSED_VARIABLE = YES;
				IPHONEOS_DEPLOYMENT_TARGET = 8.1;
				MTL_ENABLE_DEBUG_INFO = YES;
				ONLY_ACTIVE_ARCH = YES;
				SDKROOT = iphoneos;
				SWIFT_OPTIMIZATION_LEVEL = "-Onone";
			};
			name = Debug;
		};
		C94D13EB1A245934006E8874 /* Release */ = {
			isa = XCBuildConfiguration;
			buildSettings = {
				ALWAYS_SEARCH_USER_PATHS = NO;
				CLANG_CXX_LANGUAGE_STANDARD = "gnu++0x";
				CLANG_CXX_LIBRARY = "libc++";
				CLANG_ENABLE_MODULES = YES;
				CLANG_ENABLE_OBJC_ARC = YES;
				CLANG_WARN_BOOL_CONVERSION = YES;
				CLANG_WARN_CONSTANT_CONVERSION = YES;
				CLANG_WARN_DIRECT_OBJC_ISA_USAGE = YES_ERROR;
				CLANG_WARN_EMPTY_BODY = YES;
				CLANG_WARN_ENUM_CONVERSION = YES;
				CLANG_WARN_INT_CONVERSION = YES;
				CLANG_WARN_OBJC_ROOT_CLASS = YES_ERROR;
				CLANG_WARN_UNREACHABLE_CODE = YES;
				CLANG_WARN__DUPLICATE_METHOD_MATCH = YES;
				"CODE_SIGN_IDENTITY[sdk=iphoneos*]" = "iPhone Developer";
				COPY_PHASE_STRIP = YES;
				ENABLE_NS_ASSERTIONS = NO;
				ENABLE_STRICT_OBJC_MSGSEND = YES;
				GCC_C_LANGUAGE_STANDARD = gnu99;
				GCC_WARN_64_TO_32_BIT_CONVERSION = YES;
				GCC_WARN_ABOUT_RETURN_TYPE = YES_ERROR;
				GCC_WARN_UNDECLARED_SELECTOR = YES;
				GCC_WARN_UNINITIALIZED_AUTOS = YES_AGGRESSIVE;
				GCC_WARN_UNUSED_FUNCTION = YES;
				GCC_WARN_UNUSED_VARIABLE = YES;
				IPHONEOS_DEPLOYMENT_TARGET = 8.1;
				MTL_ENABLE_DEBUG_INFO = NO;
				SDKROOT = iphoneos;
				VALIDATE_PRODUCT = YES;
			};
			name = Release;
		};
		C94D13ED1A245934006E8874 /* Debug */ = {
			isa = XCBuildConfiguration;
			buildSettings = {
				ASSETCATALOG_COMPILER_APPICON_NAME = AppIcon;
				INFOPLIST_FILE = swiftWebBrowser/Info.plist;
				LD_RUNPATH_SEARCH_PATHS = "$(inherited) @executable_path/Frameworks";
				PRODUCT_NAME = "$(TARGET_NAME)";
			};
			name = Debug;
		};
		C94D13EE1A245934006E8874 /* Release */ = {
			isa = XCBuildConfiguration;
			buildSettings = {
				ASSETCATALOG_COMPILER_APPICON_NAME = AppIcon;
				INFOPLIST_FILE = swiftWebBrowser/Info.plist;
				LD_RUNPATH_SEARCH_PATHS = "$(inherited) @executable_path/Frameworks";
				PRODUCT_NAME = "$(TARGET_NAME)";
			};
			name = Release;
		};
		C94D13F01A245934006E8874 /* Debug */ = {
			isa = XCBuildConfiguration;
			buildSettings = {
				BUNDLE_LOADER = "$(TEST_HOST)";
				FRAMEWORK_SEARCH_PATHS = (
					"$(SDKROOT)/Developer/Library/Frameworks",
					"$(inherited)",
				);
				GCC_PREPROCESSOR_DEFINITIONS = (
					"DEBUG=1",
					"$(inherited)",
				);
				INFOPLIST_FILE = swiftWebBrowserTests/Info.plist;
				LD_RUNPATH_SEARCH_PATHS = "$(inherited) @executable_path/Frameworks @loader_path/Frameworks";
				PRODUCT_NAME = "$(TARGET_NAME)";
				TEST_HOST = "$(BUILT_PRODUCTS_DIR)/swiftWebBrowser.app/swiftWebBrowser";
			};
			name = Debug;
		};
		C94D13F11A245934006E8874 /* Release */ = {
			isa = XCBuildConfiguration;
			buildSettings = {
				BUNDLE_LOADER = "$(TEST_HOST)";
				FRAMEWORK_SEARCH_PATHS = (
					"$(SDKROOT)/Developer/Library/Frameworks",
					"$(inherited)",
				);
				INFOPLIST_FILE = swiftWebBrowserTests/Info.plist;
				LD_RUNPATH_SEARCH_PATHS = "$(inherited) @executable_path/Frameworks @loader_path/Frameworks";
				PRODUCT_NAME = "$(TARGET_NAME)";
				TEST_HOST = "$(BUILT_PRODUCTS_DIR)/swiftWebBrowser.app/swiftWebBrowser";
			};
			name = Release;
		};
/* End XCBuildConfiguration section */

/* Begin XCConfigurationList section */
		C94D13C81A245934006E8874 /* Build configuration list for PBXProject "swiftWebBrowser" */ = {
			isa = XCConfigurationList;
			buildConfigurations = (
				C94D13EA1A245934006E8874 /* Debug */,
				C94D13EB1A245934006E8874 /* Release */,
			);
			defaultConfigurationIsVisible = 0;
			defaultConfigurationName = Release;
		};
		C94D13EC1A245934006E8874 /* Build configuration list for PBXNativeTarget "swiftWebBrowser" */ = {
			isa = XCConfigurationList;
			buildConfigurations = (
				C94D13ED1A245934006E8874 /* Debug */,
				C94D13EE1A245934006E8874 /* Release */,
			);
			defaultConfigurationIsVisible = 0;
		};
		C94D13EF1A245934006E8874 /* Build configuration list for PBXNativeTarget "swiftWebBrowserTests" */ = {
			isa = XCConfigurationList;
			buildConfigurations = (
				C94D13F01A245934006E8874 /* Debug */,
				C94D13F11A245934006E8874 /* Release */,
			);
			defaultConfigurationIsVisible = 0;
		};
/* End XCConfigurationList section */
	};
	rootObject = C94D13C51A245934006E8874 /* Project object */;
}
